{
  "name": "Noobs-Pastebin",
  "lockfileVersion": 3,
  "requires": true,
  "packages": {
    "": {
      "dependencies": {
        "httpx": "^2.2.7"
      }
    },
    "node_modules/debug": {
      "version": "4.3.4",
      "resolved": "https://registry.npmjs.org/debug/-/debug-4.3.4.tgz",
      "integrity": "sha512-PRWFHuSU3eDtQJPvnNY7Jcket1j0t5OuOsFzPPzsekD52Zl8qUfFIPEiswXqIvHWGVHOgX+7G/vCNNhehwxfkQ==",
      "dependencies": {
        "ms": "2.1.2"
      },
      "engines": {
        "node": ">=6.0"
      },
      "peerDependenciesMeta": {
        "supports-color": {
          "optional": true
        }
      }
    },
    "node_modules/httpx": {
      "version": "2.2.7",
      "resolved": "https://registry.npmjs.org/httpx/-/httpx-2.2.7.tgz",
      "integrity": "sha512-Wjh2JOAah0pdczfqL8NC5378G7jMt0Zcpn8U+yyxAiejjlagzSTQgJHuVvka2VNPQlKfoGehYRc79WKq9E4gDw==",
      "dependencies": {
        "@types/node": "^14",
        "debug": "^4.1.1"
      }
    },
    "node_modules/httpx/node_modules/@types/node": {
      "version": "14.18.53",
      "resolved": "https://registry.npmjs.org/@types/node/-/node-14.18.53.tgz",
      "integrity": "sha512-soGmOpVBUq+gaBMwom1M+krC/NNbWlosh4AtGA03SyWNDiqSKtwp7OulO1M6+mg8YkHMvJ/y0AkCeO8d1hNb7A=="
    },
    "node_modules/ms": {
      "version": "2.1.2",
      "resolved": "https://registry.npmjs.org/ms/-/ms-2.1.2.tgz",
      "integrity": "sha512-sGkPx+VjMtmA6MX27oA4FBFELFCZZ4S4XqeGOXCv68tT+jb3vk/RyaKWP0PTKyWtmLSM0b+adUTEvbs1PEaH2w=="
    }
  }
}
